{
  "nodes": {
    "nixpkgs": {
      "locked": {
        "lastModified": 1713006710,
        "narHash": "sha256-u7vpSVm2eCycRuOzSWKic/aaRUK4c8hPo3gETlDfm0A=",
        "owner": "nixos",
        "repo": "nixpkgs",
        "rev": "692ceb334b4fd60d61798dde895f6f122110f5fe",
        "type": "github"
      },
      "original": {
        "owner": "nixos",
        "ref": "nixpkgs-unstable",
        "repo": "nixpkgs",
        "type": "github"
      }
    },
    "root": {
      "inputs": {
        "nixpkgs": "nixpkgs"
      }
    }
  },
  "root": "root",
  "version": 7
}
