{
  "nodes": {
    "nixpkgs": {
      "locked": {
        "lastModified": 1739482815,
        "narHash": "sha256-/5Lwtmp/8j+ro32gXzitucSdyjJ6QehfJCL58WNA7N0=",
        "owner": "nixos",
        "repo": "nixpkgs",
        "rev": "ba0939c506a03c60a765cd7f7c43794816540eec",
        "type": "github"
      },
      "original": {
        "owner": "nixos",
        "ref": "nixpkgs-unstable",
        "repo": "nixpkgs",
        "type": "github"
      }
    },
    "root": {
      "inputs": {
        "nixpkgs": "nixpkgs"
      }
    }
  },
  "root": "root",
  "version": 7
}
