lockfileVersion: '6.0'

settings:
  autoInstallPeers: true
  excludeLinksFromLockfile: false

devDependencies:
  '@effect/platform-node':
    specifier: ^0.28.3
    version: 0.28.4(@effect/schema@0.47.7)(effect@2.0.0-next.54)
  '@effect/schema':
    specifier: ^0.47.2
    version: 0.47.7(effect@2.0.0-next.54)(fast-check@3.14.0)
  '@types/node':
    specifier: ^20.9.0
    version: 20.10.2
  '@types/path-browserify':
    specifier: ^1.0.1
    version: 1.0.2
  effect:
    specifier: 2.0.0-next.54
    version: 2.0.0-next.54

packages:

  /@effect/platform-node@0.28.4(@effect/schema@0.47.7)(effect@2.0.0-next.54):
    resolution: {integrity: sha512-0AK4PPfKf2z1pZHMbdWth58A54rfn8C7QSBToDooQ0jft/Ssj1Ys0RIuwb49ZUKGGY+XNLzkBEeJYzdMRdKNIQ==}
    peerDependencies:
      effect: 2.0.0-next.54
    dependencies:
      '@effect/platform': 0.27.4(@effect/schema@0.47.7)(effect@2.0.0-next.54)
      busboy: 1.6.0
      effect: 2.0.0-next.54
      mime: 3.0.0
    transitivePeerDependencies:
      - '@effect/schema'
    dev: true

  /@effect/platform@0.27.4(@effect/schema@0.47.7)(effect@2.0.0-next.54):
    resolution: {integrity: sha512-SpxQMN4WqV+alpKmjj9Hq8UP15V4GsksADvmxmbKk4Yu2ocrxYlcIUlgIGM0u9WxF34dEjl0skbQoAMo2gewbQ==}
    peerDependencies:
      '@effect/schema': ^0.47.1
      effect: 2.0.0-next.54
    dependencies:
      '@effect/schema': 0.47.7(effect@2.0.0-next.54)(fast-check@3.14.0)
      effect: 2.0.0-next.54
      find-my-way: 7.7.0
      path-browserify: 1.0.1
    dev: true

  /@effect/schema@0.47.7(effect@2.0.0-next.54)(fast-check@3.14.0):
    resolution: {integrity: sha512-rQpzxfGsv2C3HSpwBRYPt7p5eibekWbn+RrYCd6SWtNSF0YPClhZwzBLygQvqDMXHkk3rHuuSOnJvIdqu7o4Hw==}
    peerDependencies:
      effect: 2.0.0-next.54
      fast-check: ^3.13.2
    dependencies:
      effect: 2.0.0-next.54
      fast-check: 3.14.0
    dev: true

  /@types/node@20.10.2:
    resolution: {integrity: sha512-37MXfxkb0vuIlRKHNxwCkb60PNBpR94u4efQuN4JgIAm66zfCDXGSAFCef9XUWFovX2R1ok6Z7MHhtdVXXkkIw==}
    dependencies:
      undici-types: 5.26.5
    dev: true

  /@types/path-browserify@1.0.2:
    resolution: {integrity: sha512-ZkC5IUqqIFPXx3ASTTybTzmQdwHwe2C0u3eL75ldQ6T9E9IWFJodn6hIfbZGab73DfyiHN4Xw15gNxUq2FbvBA==}
    dev: true

  /busboy@1.6.0:
    resolution: {integrity: sha512-8SFQbg/0hQ9xy3UNTB0YEnsNBbWfhf7RtnzpL7TkBiTBRfrQ9Fxcnz7VJsleJpyp6rVLvXiuORqjlHi5q+PYuA==}
    engines: {node: '>=10.16.0'}
    dependencies:
      streamsearch: 1.1.0
    dev: true

  /effect@2.0.0-next.54:
    resolution: {integrity: sha512-qROhKMxlm6fpa90YRfWSgKeelDfhaDq2igPK+pIKupGehiCnZH4vd2qrY71HVZ10qZgXxh0VXpGyDQxJC+EQqw==}
    dev: true

  /fast-check@3.14.0:
    resolution: {integrity: sha512-9Z0zqASzDNjXBox/ileV/fd+4P+V/f3o4shM6QawvcdLFh8yjPG4h5BrHUZ8yzY6amKGDTAmRMyb/JZqe+dCgw==}
    engines: {node: '>=8.0.0'}
    dependencies:
      pure-rand: 6.0.4
    dev: true

  /fast-decode-uri-component@1.0.1:
    resolution: {integrity: sha512-WKgKWg5eUxvRZGwW8FvfbaH7AXSh2cL+3j5fMGzUMCxWBJ3dV3a7Wz8y2f/uQ0e3B6WmodD3oS54jTQ9HVTIIg==}
    dev: true

  /fast-deep-equal@3.1.3:
    resolution: {integrity: sha512-f3qQ9oQy9j2AhBe/H9VC91wLmKBCCU/gDOnKNAYG5hswO7BLKj09Hc5HYNz9cGI++xlpDCIgDaitVs03ATR84Q==}
    dev: true

  /fast-querystring@1.1.2:
    resolution: {integrity: sha512-g6KuKWmFXc0fID8WWH0jit4g0AGBoJhCkJMb1RmbsSEUNvQ+ZC8D6CUZ+GtF8nMzSPXnhiePyyqqipzNNEnHjg==}
    dependencies:
      fast-decode-uri-component: 1.0.1
    dev: true

  /find-my-way@7.7.0:
    resolution: {integrity: sha512-+SrHpvQ52Q6W9f3wJoJBbAQULJuNEEQwBvlvYwACDhBTLOTMiQ0HYWh4+vC3OivGP2ENcTI1oKlFA2OepJNjhQ==}
    engines: {node: '>=14'}
    dependencies:
      fast-deep-equal: 3.1.3
      fast-querystring: 1.1.2
      safe-regex2: 2.0.0
    dev: true

  /mime@3.0.0:
    resolution: {integrity: sha512-jSCU7/VB1loIWBZe14aEYHU/+1UMEHoaO7qxCOVJOw9GgH72VAWppxNcjU+x9a2k3GSIBXNKxXQFqRvvZ7vr3A==}
    engines: {node: '>=10.0.0'}
    hasBin: true
    dev: true

  /path-browserify@1.0.1:
    resolution: {integrity: sha512-b7uo2UCUOYZcnF/3ID0lulOJi/bafxa1xPe7ZPsammBSpjSWQkjNxlt635YGS2MiR9GjvuXCtz2emr3jbsz98g==}
    dev: true

  /pure-rand@6.0.4:
    resolution: {integrity: sha512-LA0Y9kxMYv47GIPJy6MI84fqTd2HmYZI83W/kM/SkKfDlajnZYfmXFTxkbY+xSBPkLJxltMa9hIkmdc29eguMA==}
    dev: true

  /ret@0.2.2:
    resolution: {integrity: sha512-M0b3YWQs7R3Z917WRQy1HHA7Ba7D8hvZg6UE5mLykJxQVE2ju0IXbGlaHPPlkY+WN7wFP+wUMXmBFA0aV6vYGQ==}
    engines: {node: '>=4'}
    dev: true

  /safe-regex2@2.0.0:
    resolution: {integrity: sha512-PaUSFsUaNNuKwkBijoAPHAK6/eM6VirvyPWlZ7BAQy4D+hCvh4B6lIG+nPdhbFfIbP+gTGBcrdsOaUs0F+ZBOQ==}
    dependencies:
      ret: 0.2.2
    dev: true

  /streamsearch@1.1.0:
    resolution: {integrity: sha512-Mcc5wHehp9aXz1ax6bZUyY5afg9u2rv5cqQI3mRrYkGC8rW2hM02jWuwjtL++LS5qinSyhj2QfLyNsuc+VsExg==}
    engines: {node: '>=10.0.0'}
    dev: true

  /undici-types@5.26.5:
    resolution: {integrity: sha512-JlCMO+ehdEIKqlFxk6IfVoAUVmgz7cU7zD/h9XZ0qzeosSHmUJVOzSQvvYSYWXkFXC+IfLKSIffhv0sVZup6pA==}
    dev: true

publishDirectory: dist
